github.com/brycensranch/go-aptabase/pkg v0.0.0-20240921200749-5b1b8227f0e8 h1:0gALyuFYWQW9B786lM/FN1Wnemdfq86+eCUByr08ZzQ=
github.com/brycensranch/go-aptabase/pkg v0.0.0-20240921200749-5b1b8227f0e8/go.mod h1:7XDIfmemqgJG4q6l/AyIVCmVB+0oxRCI3TAB1VcN0B8=
github.com/brycensranch/go-aptabase/pkg v0.0.0-20240921201727-6fe0f9d38f5a h1:x4hyacagum56SY41ybPKVclUN62BBXcpVIUY9c/cHmw=
github.com/brycensranch/go-aptabase/pkg v0.0.0-20240921201727-6fe0f9d38f5a/go.mod h1:7XDIfmemqgJG4q6l/AyIVCmVB+0oxRCI3TAB1VcN0B8=
github.com/brycensranch/go-aptabase/pkg v0.0.0-20240921203029-cc16e0392e88 h1:7GaYCJCeg9VAVIGY3x3BiV3/2/rl/PIqnmw3dzBHfGs=
github.com/brycensranch/go-aptabase/pkg v0.0.0-20240921203029-cc16e0392e88/go.mod h1:7XDIfmemqgJG4q6l/AyIVCmVB+0oxRCI3TAB1VcN0B8=
github.com/brycensranch/go-aptabase/pkg v0.0.0-20240921231114-48edeef4f3a3 h1:EM1UK11T5Cft4rJfbtyNk8lZV1NNUBIEW0Uwj+CgfK0=
github.com/brycensranch/go-aptabase/pkg v0.0.0-20240921231114-48edeef4f3a3/go.mod h1:7XDIfmemqgJG4q6l/AyIVCmVB+0oxRCI3TAB1VcN0B8=
github.com/brycensranch/go-aptabase/pkg v0.0.0-20240921234120-f81f5c11607d h1:q/S86ZEebwrEs+3v6uToN6Jae66PnOX/cSQdyACHmoE=
github.com/brycensranch/go-aptabase/pkg v0.0.0-20240921234120-f81f5c11607d/go.mod h1:7XDIfmemqgJG4q6l/AyIVCmVB+0oxRCI3TAB1VcN0B8=
github.com/brycensranch/go-aptabase/pkg v0.0.0-20240921234622-b06d662388c9 h1:R6KY+IOJ7JUG++8eaphOTq0ohvtbK+jKCzZYJRXW0iI=
github.com/brycensranch/go-aptabase/pkg v0.0.0-20240921234622-b06d662388c9/go.mod h1:7XDIfmemqgJG4q6l/AyIVCmVB+0oxRCI3TAB1VcN0B8=
github.com/brycensranch/go-aptabase/pkg v0.0.0-20240922010626-82b721cb8790 h1:w1zL6anf9HdeGwMnY0TBDHctq9zTY2mI5KQFL3HsR0s=
github.com/brycensranch/go-aptabase/pkg v0.0.0-20240922010626-82b721cb8790/go.mod h1:7XDIfmemqgJG4q6l/AyIVCmVB+0oxRCI3TAB1VcN0B8=
github.com/brycensranch/go-aptabase/pkg v0.0.0-20240922034824-c528fb298ee4 h1:Iezo8xL9C+y3d7fCbVvAwJenTdU3svfzmwFM8/CIHh4=
github.com/brycensranch/go-aptabase/pkg v0.0.0-20240922034824-c528fb298ee4/go.mod h1:7XDIfmemqgJG4q6l/AyIVCmVB+0oxRCI3TAB1VcN0B8=
github.com/brycensranch/go-aptabase/pkg v0.0.0-20240922041020-cd9643500a03 h1:OH7SRcroj4EbbzJITCvgJYkUErAqRgUnoAs1R3iCXdc=
github.com/brycensranch/go-aptabase/pkg v0.0.0-20240922041020-cd9643500a03/go.mod h1:7XDIfmemqgJG4q6l/AyIVCmVB+0oxRCI3TAB1VcN0B8=
github.com/brycensranch/go-aptabase/pkg v0.0.0-20240922041948-d5f2048272f0 h1:bWOcaBdSdl2eFjBH47yFvhSOKlmXQ9Bqi78KECDAap4=
github.com/brycensranch/go-aptabase/pkg v0.0.0-20240922041948-d5f2048272f0/go.mod h1:7XDIfmemqgJG4q6l/AyIVCmVB+0oxRCI3TAB1VcN0B8=
github.com/brycensranch/go-aptabase/pkg v0.0.0-20240922042232-e00814ed0e24 h1:7UPMvYAC5zjUKgXcRJ2BDP4l2kdu8/cyu+D94NihlZs=
github.com/brycensranch/go-aptabase/pkg v0.0.0-20240922042232-e00814ed0e24/go.mod h1:7XDIfmemqgJG4q6l/AyIVCmVB+0oxRCI3TAB1VcN0B8=
github.com/brycensranch/go-aptabase/pkg v0.0.0-20240922042434-2046d9a2b149 h1:9bechmJd9I1PNK92qWJQS9J7GO9qavQIF0cmBCt4MFc=
github.com/brycensranch/go-aptabase/pkg v0.0.0-20240922042434-2046d9a2b149/go.mod h1:7XDIfmemqgJG4q6l/AyIVCmVB+0oxRCI3TAB1VcN0B8=
github.com/brycensranch/go-aptabase/pkg v0.0.0-20240922043126-5870e6b2d470 h1:uzo0XTuTg7O1P5ciBk2YvYSNMLGlyNjFab4ihCWAr5I=
github.com/brycensranch/go-aptabase/pkg v0.0.0-20240922043126-5870e6b2d470/go.mod h1:7XDIfmemqgJG4q6l/AyIVCmVB+0oxRCI3TAB1VcN0B8=
github.com/brycensranch/go-aptabase/pkg v0.0.0-20240922043544-83bc97ba93c6 h1:Urk0gEpjbDRGMtav9J+jiqC2WEUOGDH6z4DSkDDLwnE=
github.com/brycensranch/go-aptabase/pkg v0.0.0-20240922043544-83bc97ba93c6/go.mod h1:7XDIfmemqgJG4q6l/AyIVCmVB+0oxRCI3TAB1VcN0B8=
github.com/brycensranch/go-aptabase/pkg v0.0.0-20240922043844-0aa2db8339a5 h1:AWOnKeXiRPVwi8K71ni1LFRTUryWqxsy3AUJRp3Byng=
github.com/brycensranch/go-aptabase/pkg v0.0.0-20240922043844-0aa2db8339a5/go.mod h1:7XDIfmemqgJG4q6l/AyIVCmVB+0oxRCI3TAB1VcN0B8=
github.com/brycensranch/go-aptabase/pkg v0.0.0-20240922044428-42f287a5d150 h1:bAjo7vuvYAdOHaha6b8VL3EDy52cjZWCogesJ+1W9tA=
github.com/brycensranch/go-aptabase/pkg v0.0.0-20240922044428-42f287a5d150/go.mod h1:7XDIfmemqgJG4q6l/AyIVCmVB+0oxRCI3TAB1VcN0B8=
github.com/brycensranch/go-aptabase/pkg v0.0.0-20240922045221-3bd9b7a55d30 h1:oZ+iaJgOi1P6rpg2iAz6D3tQMOzey6LnJ6yzHBaJe38=
github.com/brycensranch/go-aptabase/pkg v0.0.0-20240922045221-3bd9b7a55d30/go.mod h1:7XDIfmemqgJG4q6l/AyIVCmVB+0oxRCI3TAB1VcN0B8=
github.com/brycensranch/go-aptabase/pkg v0.0.0-20240922045649-44aaf2ac2ce4 h1:mGcliQFd5bILtNohayRX55fOnXRXQM+CncVTgWaoLIk=
github.com/brycensranch/go-aptabase/pkg v0.0.0-20240922045649-44aaf2ac2ce4/go.mod h1:7XDIfmemqgJG4q6l/AyIVCmVB+0oxRCI3TAB1VcN0B8=
github.com/brycensranch/go-aptabase/pkg v0.0.0-20240922050214-7d857f74e8b2 h1:MwCQVpqnqXAFZ5Dee/Y8wvpBLvNCUh+fwFSvxMn7uFg=
github.com/brycensranch/go-aptabase/pkg v0.0.0-20240922050214-7d857f74e8b2/go.mod h1:7XDIfmemqgJG4q6l/AyIVCmVB+0oxRCI3TAB1VcN0B8=
github.com/brycensranch/go-aptabase/pkg v0.0.0-20240922050429-609197bbff44 h1:J4sFS7tfmBGUvubxcVA8XC61+JJrOkphBvEXGGvwbOM=
github.com/brycensranch/go-aptabase/pkg v0.0.0-20240922050429-609197bbff44/go.mod h1:7XDIfmemqgJG4q6l/AyIVCmVB+0oxRCI3TAB1VcN0B8=
github.com/brycensranch/go-aptabase/pkg v0.0.0-20240922050726-59b48d1a053f h1:piyDAXC7FY+Mflz6suN1YOXZljwZPVEOw8w2cS1Nn10=
github.com/brycensranch/go-aptabase/pkg v0.0.0-20240922050726-59b48d1a053f/go.mod h1:7XDIfmemqgJG4q6l/AyIVCmVB+0oxRCI3TAB1VcN0B8=
github.com/brycensranch/go-aptabase/pkg v0.0.0-20240922051019-5ac4656ac447 h1:8XA9aCZm7K4LCsaVW4oXDA/M53Wm1hU8cLNl4D33OGw=
github.com/brycensranch/go-aptabase/pkg v0.0.0-20240922051019-5ac4656ac447/go.mod h1:7XDIfmemqgJG4q6l/AyIVCmVB+0oxRCI3TAB1VcN0B8=
github.com/brycensranch/go-aptabase/pkg v0.0.0-20240922051601-68c3044602a7 h1:yVBDTWo4GVpzgoDoruBClyeHm04QQcIV4pFVgzjfz48=
github.com/brycensranch/go-aptabase/pkg v0.0.0-20240922051601-68c3044602a7/go.mod h1:7XDIfmemqgJG4q6l/AyIVCmVB+0oxRCI3TAB1VcN0B8=
github.com/brycensranch/go-aptabase/pkg v0.0.0-20240922051728-c4042c6b469c h1:ygqxe9QL6C3atIlxmZEny5IaY8pCR1gJYfXkAkQhA/o=
github.com/brycensranch/go-aptabase/pkg v0.0.0-20240922051728-c4042c6b469c/go.mod h1:7XDIfmemqgJG4q6l/AyIVCmVB+0oxRCI3TAB1VcN0B8=
github.com/brycensranch/go-aptabase/pkg v0.0.0-20240922052408-714c5a8a5529 h1:bKOQ4BdJjsBnfjgIvbLH76TqJlXmy4qr9wksVLosx7o=
github.com/brycensranch/go-aptabase/pkg v0.0.0-20240922052408-714c5a8a5529/go.mod h1:7XDIfmemqgJG4q6l/AyIVCmVB+0oxRCI3TAB1VcN0B8=
github.com/brycensranch/go-aptabase/pkg v0.0.0-20240922145908-ee34460f2921 h1:9YwtmIYSloDjHVsQsjo2gm8Bi5+mFVWYrWp44SKZ3Yk=
github.com/brycensranch/go-aptabase/pkg v0.0.0-20240922145908-ee34460f2921/go.mod h1:7XDIfmemqgJG4q6l/AyIVCmVB+0oxRCI3TAB1VcN0B8=
golang.org/x/exp v0.0.0-20240909161429-701f63a606c0 h1:e66Fs6Z+fZTbFBAxKfP3PALWBtpfqks2bwGcexMxgtk=
golang.org/x/exp v0.0.0-20240909161429-701f63a606c0/go.mod h1:2TbTHSBQa924w8M6Xs1QcRcFwyucIwBGpK1p2f1YFFY=
golang.org/x/sys v0.25.0 h1:r+8e+loiHxRqhXVl6ML1nO3l1+oFoWbnlu2Ehimmi34=
golang.org/x/sys v0.25.0/go.mod h1:/VUhepiaJMQUp4+oa/7Zr1D23ma6VTLIYjOOTFZPUcA=
